
Microsoft Visual Studio Solution File, Format Version 12.00
# Visual Studio 2012
Project("{FAE04EC0-301F-11D3-BF4B-00C04F79EFBC}") = "Tessler", "Tessler\Tessler.csproj", "{2DFCD0E0-0E4C-41CC-81CE-1D54C3FA00DC}"
EndProject
Project("{FAE04EC0-301F-11D3-BF4B-00C04F79EFBC}") = "Tessler.UnitTest", "Tessler.UnitTest\Tessler.UnitTest.csproj", "{11DD1EB8-15EB-4A31-9DC8-05C105A39617}"
EndProject
Project("{FAE04EC0-301F-11D3-BF4B-00C04F79EFBC}") = "Tessler.SpecFlow", "Tessler.SpecFlow\Tessler.SpecFlow.csproj", "{63ECCB3C-5921-449D-9B64-15173651DAAA}"
EndProject
Project("{2150E333-8FDC-42A3-9474-1A3956D46DE8}") = "Solution Items", "Solution Items", "{CC8EB565-AD23-4541-A345-9582E99DA318}"
	ProjectSection(SolutionItems) = preProject
		Local.runsettings = Local.runsettings
	EndProjectSection
EndProject
Global
	GlobalSection(SolutionConfigurationPlatforms) = preSolution
		Debug|Any CPU = Debug|Any CPU
		Release|Any CPU = Release|Any CPU
	EndGlobalSection
	GlobalSection(ProjectConfigurationPlatforms) = postSolution
		{2DFCD0E0-0E4C-41CC-81CE-1D54C3FA00DC}.Debug|Any CPU.ActiveCfg = Debug|Any CPU
		{2DFCD0E0-0E4C-41CC-81CE-1D54C3FA00DC}.Debug|Any CPU.Build.0 = Debug|Any CPU
		{2DFCD0E0-0E4C-41CC-81CE-1D54C3FA00DC}.Release|Any CPU.ActiveCfg = Release|Any CPU
		{2DFCD0E0-0E4C-41CC-81CE-1D54C3FA00DC}.Release|Any CPU.Build.0 = Release|Any CPU
		{11DD1EB8-15EB-4A31-9DC8-05C105A39617}.Debug|Any CPU.ActiveCfg = Debug|Any CPU
		{11DD1EB8-15EB-4A31-9DC8-05C105A39617}.Debug|Any CPU.Build.0 = Debug|Any CPU
		{11DD1EB8-15EB-4A31-9DC8-05C105A39617}.Release|Any CPU.ActiveCfg = Release|Any CPU
		{11DD1EB8-15EB-4A31-9DC8-05C105A39617}.Release|Any CPU.Build.0 = Release|Any CPU
		{63ECCB3C-5921-449D-9B64-15173651DAAA}.Debug|Any CPU.ActiveCfg = Debug|Any CPU
		{63ECCB3C-5921-449D-9B64-15173651DAAA}.Debug|Any CPU.Build.0 = Debug|Any CPU
		{63ECCB3C-5921-449D-9B64-15173651DAAA}.Release|Any CPU.ActiveCfg = Release|Any CPU
		{63ECCB3C-5921-449D-9B64-15173651DAAA}.Release|Any CPU.Build.0 = Release|Any CPU
	EndGlobalSection
	GlobalSection(SolutionProperties) = preSolution
		HideSolutionNode = FALSE
	EndGlobalSection
	GlobalSection(ExtensibilityGlobals) = postSolution
		EnterpriseLibraryConfigurationToolBinariesPath = packages\Unity.2.1.505.2\lib\NET35;packages\Unity.Interception.2.1.505.2\lib\NET35;packages\Unity.Interception.2.1.505.0\lib\NET35
	EndGlobalSection
EndGlobal
